// !$*UTF8*$!
{
	archiveVersion = 1;
	classes = {
	};
	objectVersion = 50;
	objects = {

/* Begin PBXBuildFile section */
		87960DE324402C1E006956C2 /* main.cpp in Sources */ = {isa = PBXBuildFile; fileRef = 87960DE224402C1E006956C2 /* main.cpp */; };
		87BDB0E42440AB9F00B11CB6 /* libbox2d.a in Frameworks */ = {isa = PBXBuildFile; fileRef = 87BDB0E32440AB9F00B11CB6 /* libbox2d.a */; };
		87BDB0E72440E2F200B11CB6 /* b2GLDraw.cpp in Sources */ = {isa = PBXBuildFile; fileRef = 87BDB0E52440E2F200B11CB6 /* b2GLDraw.cpp */; };
		87C1508424405E61003A7037 /* OpenGL.framework in Frameworks */ = {isa = PBXBuildFile; fileRef = 87C1508324405E61003A7037 /* OpenGL.framework */; };
		87C1508624405F9A003A7037 /* libGLEW.2.1.0.dylib in Frameworks */ = {isa = PBXBuildFile; fileRef = 87C1508524405F9A003A7037 /* libGLEW.2.1.0.dylib */; };
		87C1508824405FB5003A7037 /* libglfw.3.3.dylib in Frameworks */ = {isa = PBXBuildFile; fileRef = 87C1508724405FB5003A7037 /* libglfw.3.3.dylib */; };
/* End PBXBuildFile section */

/* Begin PBXCopyFilesBuildPhase section */
		87960DDD24402C1E006956C2 /* CopyFiles */ = {
			isa = PBXCopyFilesBuildPhase;
			buildActionMask = 2147483647;
			dstPath = /usr/share/man/man1/;
			dstSubfolderSpec = 0;
			files = (
			);
			runOnlyForDeploymentPostprocessing = 1;
		};
/* End PBXCopyFilesBuildPhase section */

/* Begin PBXFileReference section */
		87960DDF24402C1E006956C2 /* Box2D-Free Fall */ = {isa = PBXFileReference; explicitFileType = "compiled.mach-o.executable"; includeInIndex = 0; path = "Box2D-Free Fall"; sourceTree = BUILT_PRODUCTS_DIR; };
		87960DE224402C1E006956C2 /* main.cpp */ = {isa = PBXFileReference; lastKnownFileType = sourcecode.cpp.cpp; path = main.cpp; sourceTree = "<group>"; };
		87BDB0E32440AB9F00B11CB6 /* libbox2d.a */ = {isa = PBXFileReference; lastKnownFileType = archive.ar; name = libbox2d.a; path = ExternalLibraries/Box2D/lib/libbox2d.a; sourceTree = "<group>"; };
		87BDB0E52440E2F200B11CB6 /* b2GLDraw.cpp */ = {isa = PBXFileReference; lastKnownFileType = sourcecode.cpp.cpp; path = b2GLDraw.cpp; sourceTree = "<group>"; };
		87BDB0E62440E2F200B11CB6 /* b2GLDraw.hpp */ = {isa = PBXFileReference; lastKnownFileType = sourcecode.cpp.h; path = b2GLDraw.hpp; sourceTree = "<group>"; };
		87C1508324405E61003A7037 /* OpenGL.framework */ = {isa = PBXFileReference; lastKnownFileType = wrapper.framework; name = OpenGL.framework; path = System/Library/Frameworks/OpenGL.framework; sourceTree = SDKROOT; };
		87C1508524405F9A003A7037 /* libGLEW.2.1.0.dylib */ = {isa = PBXFileReference; lastKnownFileType = "compiled.mach-o.dylib"; name = libGLEW.2.1.0.dylib; path = ../../../../../usr/local/Cellar/glew/2.1.0_1/lib/libGLEW.2.1.0.dylib; sourceTree = "<group>"; };
		87C1508724405FB5003A7037 /* libglfw.3.3.dylib */ = {isa = PBXFileReference; lastKnownFileType = "compiled.mach-o.dylib"; name = libglfw.3.3.dylib; path = ../../../../../usr/local/Cellar/glfw/3.3.2/lib/libglfw.3.3.dylib; sourceTree = "<group>"; };
		87C150892440A73B003A7037 /* libbox2d.a */ = {isa = PBXFileReference; lastKnownFileType = archive.ar; name = libbox2d.a; path = "../External Libraries/Box2D/lib/libbox2d.a"; sourceTree = "<group>"; };
		87C1508B2440A82C003A7037 /* libbox2d.a */ = {isa = PBXFileReference; lastKnownFileType = archive.ar; name = libbox2d.a; path = "External Libraries/Box2D/lib/libbox2d.a"; sourceTree = "<group>"; };
/* End PBXFileReference section */

/* Begin PBXFrameworksBuildPhase section */
		87960DDC24402C1E006956C2 /* Frameworks */ = {
			isa = PBXFrameworksBuildPhase;
			buildActionMask = 2147483647;
			files = (
				87BDB0E42440AB9F00B11CB6 /* libbox2d.a in Frameworks */,
				87C1508824405FB5003A7037 /* libglfw.3.3.dylib in Frameworks */,
				87C1508624405F9A003A7037 /* libGLEW.2.1.0.dylib in Frameworks */,
				87C1508424405E61003A7037 /* OpenGL.framework in Frameworks */,
			);
			runOnlyForDeploymentPostprocessing = 0;
		};
/* End PBXFrameworksBuildPhase section */

/* Begin PBXGroup section */
		87960DD624402C1E006956C2 = {
			isa = PBXGroup;
			children = (
				87960DE124402C1E006956C2 /* Box2D-Free Fall */,
				87960DE024402C1E006956C2 /* Products */,
				87C1508224405E61003A7037 /* Frameworks */,
			);
			sourceTree = "<group>";
		};
		87960DE024402C1E006956C2 /* Products */ = {
			isa = PBXGroup;
			children = (
				87960DDF24402C1E006956C2 /* Box2D-Free Fall */,
			);
			name = Products;
			sourceTree = "<group>";
		};
		87960DE124402C1E006956C2 /* Box2D-Free Fall */ = {
			isa = PBXGroup;
			children = (
				87960DE224402C1E006956C2 /* main.cpp */,
				87BDB0E52440E2F200B11CB6 /* b2GLDraw.cpp */,
				87BDB0E62440E2F200B11CB6 /* b2GLDraw.hpp */,
			);
			path = "Box2D-Free Fall";
			sourceTree = "<group>";
		};
		87C1508224405E61003A7037 /* Frameworks */ = {
			isa = PBXGroup;
			children = (
				87C150892440A73B003A7037 /* libbox2d.a */,
				87C1508B2440A82C003A7037 /* libbox2d.a */,
				87BDB0E32440AB9F00B11CB6 /* libbox2d.a */,
				87C1508724405FB5003A7037 /* libglfw.3.3.dylib */,
				87C1508524405F9A003A7037 /* libGLEW.2.1.0.dylib */,
				87C1508324405E61003A7037 /* OpenGL.framework */,
			);
			name = Frameworks;
			sourceTree = "<group>";
		};
/* End PBXGroup section */

/* Begin PBXNativeTarget section */
		87960DDE24402C1E006956C2 /* Box2D-Free Fall */ = {
			isa = PBXNativeTarget;
			buildConfigurationList = 87960DE624402C1E006956C2 /* Build configuration list for PBXNativeTarget "Box2D-Free Fall" */;
			buildPhases = (
				87960DDB24402C1E006956C2 /* Sources */,
				87960DDC24402C1E006956C2 /* Frameworks */,
				87960DDD24402C1E006956C2 /* CopyFiles */,
			);
			buildRules = (
			);
			dependencies = (
			);
			name = "Box2D-Free Fall";
			productName = "Box2D-Free Fall";
			productReference = 87960DDF24402C1E006956C2 /* Box2D-Free Fall */;
			productType = "com.apple.product-type.tool";
		};
/* End PBXNativeTarget section */

/* Begin PBXProject section */
		87960DD724402C1E006956C2 /* Project object */ = {
			isa = PBXProject;
			attributes = {
				LastUpgradeCheck = 1140;
				ORGANIZATIONNAME = "phani srikar";
				TargetAttributes = {
					87960DDE24402C1E006956C2 = {
						CreatedOnToolsVersion = 11.4;
					};
				};
			};
			buildConfigurationList = 87960DDA24402C1E006956C2 /* Build configuration list for PBXProject "Box2D-Free Fall" */;
			compatibilityVersion = "Xcode 9.3";
			developmentRegion = en;
			hasScannedForEncodings = 0;
			knownRegions = (
				en,
				Base,
			);
			mainGroup = 87960DD624402C1E006956C2;
			productRefGroup = 87960DE024402C1E006956C2 /* Products */;
			projectDirPath = "";
			projectRoot = "";
			targets = (
				87960DDE24402C1E006956C2 /* Box2D-Free Fall */,
			);
		};
/* End PBXProject section */

/* Begin PBXSourcesBuildPhase section */
		87960DDB24402C1E006956C2 /* Sources */ = {
			isa = PBXSourcesBuildPhase;
			buildActionMask = 2147483647;
			files = (
				87BDB0E72440E2F200B11CB6 /* b2GLDraw.cpp in Sources */,
				87960DE324402C1E006956C2 /* main.cpp in Sources */,
			);
			runOnlyForDeploymentPostprocessing = 0;
		};
/* End PBXSourcesBuildPhase section */

/* Begin XCBuildConfiguration section */
		87960DE424402C1E006956C2 /* Debug */ = {
			isa = XCBuildConfiguration;
			buildSettings = {
				ALWAYS_SEARCH_USER_PATHS = NO;
				CLANG_ANALYZER_NONNULL = YES;
				CLANG_ANALYZER_NUMBER_OBJECT_CONVERSION = YES_AGGRESSIVE;
				CLANG_CXX_LANGUAGE_STANDARD = "gnu++14";
				CLANG_CXX_LIBRARY = "libc++";
				CLANG_ENABLE_MODULES = YES;
				CLANG_ENABLE_OBJC_ARC = YES;
				CLANG_ENABLE_OBJC_WEAK = YES;
				CLANG_WARN_BLOCK_CAPTURE_AUTORELEASING = YES;
				CLANG_WARN_BOOL_CONVERSION = YES;
				CLANG_WARN_COMMA = YES;
				CLANG_WARN_CONSTANT_CONVERSION = YES;
				CLANG_WARN_DEPRECATED_OBJC_IMPLEMENTATIONS = YES;
				CLANG_WARN_DIRECT_OBJC_ISA_USAGE = YES_ERROR;
				CLANG_WARN_DOCUMENTATION_COMMENTS = YES;
				CLANG_WARN_EMPTY_BODY = YES;
				CLANG_WARN_ENUM_CONVERSION = YES;
				CLANG_WARN_INFINITE_RECURSION = YES;
				CLANG_WARN_INT_CONVERSION = YES;
				CLANG_WARN_NON_LITERAL_NULL_CONVERSION = YES;
				CLANG_WARN_OBJC_IMPLICIT_RETAIN_SELF = YES;
				CLANG_WARN_OBJC_LITERAL_CONVERSION = YES;
				CLANG_WARN_OBJC_ROOT_CLASS = YES_ERROR;
				CLANG_WARN_RANGE_LOOP_ANALYSIS = YES;
				CLANG_WARN_STRICT_PROTOTYPES = YES;
				CLANG_WARN_SUSPICIOUS_MOVE = YES;
				CLANG_WARN_UNGUARDED_AVAILABILITY = YES_AGGRESSIVE;
				CLANG_WARN_UNREACHABLE_CODE = YES;
				CLANG_WARN__DUPLICATE_METHOD_MATCH = YES;
				COPY_PHASE_STRIP = NO;
				DEBUG_INFORMATION_FORMAT = dwarf;
				ENABLE_STRICT_OBJC_MSGSEND = YES;
				ENABLE_TESTABILITY = YES;
				GCC_C_LANGUAGE_STANDARD = gnu11;
				GCC_DYNAMIC_NO_PIC = NO;
				GCC_NO_COMMON_BLOCKS = YES;
				GCC_OPTIMIZATION_LEVEL = 0;
				GCC_PREPROCESSOR_DEFINITIONS = (
					"DEBUG=1",
					"$(inherited)",
				);
				GCC_WARN_64_TO_32_BIT_CONVERSION = YES;
				GCC_WARN_ABOUT_RETURN_TYPE = YES_ERROR;
				GCC_WARN_UNDECLARED_SELECTOR = YES;
				GCC_WARN_UNINITIALIZED_AUTOS = YES_AGGRESSIVE;
				GCC_WARN_UNUSED_FUNCTION = YES;
				GCC_WARN_UNUSED_VARIABLE = YES;
				MACOSX_DEPLOYMENT_TARGET = 10.15;
				MTL_ENABLE_DEBUG_INFO = INCLUDE_SOURCE;
				MTL_FAST_MATH = YES;
				ONLY_ACTIVE_ARCH = YES;
				SDKROOT = macosx;
			};
			name = Debug;
		};
		87960DE524402C1E006956C2 /* Release */ = {
			isa = XCBuildConfiguration;
			buildSettings = {
				ALWAYS_SEARCH_USER_PATHS = NO;
				CLANG_ANALYZER_NONNULL = YES;
				CLANG_ANALYZER_NUMBER_OBJECT_CONVERSION = YES_AGGRESSIVE;
				CLANG_CXX_LANGUAGE_STANDARD = "gnu++14";
				CLANG_CXX_LIBRARY = "libc++";
				CLANG_ENABLE_MODULES = YES;
				CLANG_ENABLE_OBJC_ARC = YES;
				CLANG_ENABLE_OBJC_WEAK = YES;
				CLANG_WARN_BLOCK_CAPTURE_AUTORELEASING = YES;
				CLANG_WARN_BOOL_CONVERSION = YES;
				CLANG_WARN_COMMA = YES;
				CLANG_WARN_CONSTANT_CONVERSION = YES;
				CLANG_WARN_DEPRECATED_OBJC_IMPLEMENTATIONS = YES;
				CLANG_WARN_DIRECT_OBJC_ISA_USAGE = YES_ERROR;
				CLANG_WARN_DOCUMENTATION_COMMENTS = YES;
				CLANG_WARN_EMPTY_BODY = YES;
				CLANG_WARN_ENUM_CONVERSION = YES;
				CLANG_WARN_INFINITE_RECURSION = YES;
				CLANG_WARN_INT_CONVERSION = YES;
				CLANG_WARN_NON_LITERAL_NULL_CONVERSION = YES;
				CLANG_WARN_OBJC_IMPLICIT_RETAIN_SELF = YES;
				CLANG_WARN_OBJC_LITERAL_CONVERSION = YES;
				CLANG_WARN_OBJC_ROOT_CLASS = YES_ERROR;
				CLANG_WARN_RANGE_LOOP_ANALYSIS = YES;
				CLANG_WARN_STRICT_PROTOTYPES = YES;
				CLANG_WARN_SUSPICIOUS_MOVE = YES;
				CLANG_WARN_UNGUARDED_AVAILABILITY = YES_AGGRESSIVE;
				CLANG_WARN_UNREACHABLE_CODE = YES;
				CLANG_WARN__DUPLICATE_METHOD_MATCH = YES;
				COPY_PHASE_STRIP = NO;
				DEBUG_INFORMATION_FORMAT = "dwarf-with-dsym";
				ENABLE_NS_ASSERTIONS = NO;
				ENABLE_STRICT_OBJC_MSGSEND = YES;
				GCC_C_LANGUAGE_STANDARD = gnu11;
				GCC_NO_COMMON_BLOCKS = YES;
				GCC_WARN_64_TO_32_BIT_CONVERSION = YES;
				GCC_WARN_ABOUT_RETURN_TYPE = YES_ERROR;
				GCC_WARN_UNDECLARED_SELECTOR = YES;
				GCC_WARN_UNINITIALIZED_AUTOS = YES_AGGRESSIVE;
				GCC_WARN_UNUSED_FUNCTION = YES;
				GCC_WARN_UNUSED_VARIABLE = YES;
				MACOSX_DEPLOYMENT_TARGET = 10.15;
				MTL_ENABLE_DEBUG_INFO = NO;
				MTL_FAST_MATH = YES;
				SDKROOT = macosx;
			};
			name = Release;
		};
		87960DE724402C1E006956C2 /* Debug */ = {
			isa = XCBuildConfiguration;
			buildSettings = {
				CODE_SIGN_STYLE = Automatic;
				HEADER_SEARCH_PATHS = (
					/usr/local/include,
					"${SRCROOT}/ExternalLibraries/Box2D/include",
				);
				LIBRARY_SEARCH_PATHS = (
					/usr/local/Cellar/glew/2.1.0_1/lib,
					/usr/local/Cellar/glfw/3.3.2/lib,
					"$(PROJECT_DIR)/ExternalLibraries/Box2D/lib",
				);
				PRODUCT_NAME = "$(TARGET_NAME)";
			};
			name = Debug;
		};
		87960DE824402C1E006956C2 /* Release */ = {
			isa = XCBuildConfiguration;
			buildSettings = {
				CODE_SIGN_STYLE = Automatic;
				HEADER_SEARCH_PATHS = (
					/usr/local/include,
					"${SRCROOT}/ExternalLibraries/Box2D/include",
				);
				LIBRARY_SEARCH_PATHS = (
					/usr/local/Cellar/glew/2.1.0_1/lib,
					/usr/local/Cellar/glfw/3.3.2/lib,
					"$(PROJECT_DIR)/ExternalLibraries/Box2D/lib",
				);
				PRODUCT_NAME = "$(TARGET_NAME)";
			};
			name = Release;
		};
/* End XCBuildConfiguration section */

/* Begin XCConfigurationList section */
		87960DDA24402C1E006956C2 /* Build configuration list for PBXProject "Box2D-Free Fall" */ = {
			isa = XCConfigurationList;
			buildConfigurations = (
				87960DE424402C1E006956C2 /* Debug */,
				87960DE524402C1E006956C2 /* Release */,
			);
			defaultConfigurationIsVisible = 0;
			defaultConfigurationName = Release;
		};
		87960DE624402C1E006956C2 /* Build configuration list for PBXNativeTarget "Box2D-Free Fall" */ = {
			isa = XCConfigurationList;
			buildConfigurations = (
				87960DE724402C1E006956C2 /* Debug */,
				87960DE824402C1E006956C2 /* Release */,
			);
			defaultConfigurationIsVisible = 0;
			defaultConfigurationName = Release;
		};
/* End XCConfigurationList section */
	};
	rootObject = 87960DD724402C1E006956C2 /* Project object */;
}
